
Microsoft Visual Studio Solution File, Format Version 12.00
# Visual Studio 14
VisualStudioVersion = 14.0.25420.1
MinimumVisualStudioVersion = 10.0.40219.1
Project("{FAE04EC0-301F-11D3-BF4B-00C04F79EFBC}") = "Lab_04", "Lab_04\Lab_04\Lab_04.csproj", "{BFF67FAA-FE6D-4FEA-97C0-D16D5B933769}"
EndProject
Project("{FAE04EC0-301F-11D3-BF4B-00C04F79EFBC}") = "Lab_04.Droid", "Lab_04\Lab_04.Droid\Lab_04.Droid.csproj", "{EF9AF38F-6174-4911-B3F7-4962199A3CCA}"
EndProject
Project("{FAE04EC0-301F-11D3-BF4B-00C04F79EFBC}") = "Lab_04.WinPhone", "Lab_04\Lab_04.WinPhone\Lab_04.WinPhone.csproj", "{D1E51191-9FB2-43EF-84C4-5EF3981F34A1}"
EndProject
Project("{FAE04EC0-301F-11D3-BF4B-00C04F79EFBC}") = "Lab_04.UWP", "Lab_04\Lab_04.UWP\Lab_04.UWP.csproj", "{1DB9AC21-6768-40D2-9F97-2900830983C4}"
EndProject
Project("{FAE04EC0-301F-11D3-BF4B-00C04F79EFBC}") = "Lab_04.Windows", "Lab_04\Lab_04.Windows\Lab_04.Windows.csproj", "{D84BBB6C-D55A-4AB3-AD4C-E44CF68E682D}"
EndProject
Global
	GlobalSection(SolutionConfigurationPlatforms) = preSolution
		Debug|Any CPU = Debug|Any CPU
		Debug|ARM = Debug|ARM
		Debug|x64 = Debug|x64
		Debug|x86 = Debug|x86
		Release|Any CPU = Release|Any CPU
		Release|ARM = Release|ARM
		Release|x64 = Release|x64
		Release|x86 = Release|x86
	EndGlobalSection
	GlobalSection(ProjectConfigurationPlatforms) = postSolution
		{BFF67FAA-FE6D-4FEA-97C0-D16D5B933769}.Debug|Any CPU.ActiveCfg = Debug|Any CPU
		{BFF67FAA-FE6D-4FEA-97C0-D16D5B933769}.Debug|Any CPU.Build.0 = Debug|Any CPU
		{BFF67FAA-FE6D-4FEA-97C0-D16D5B933769}.Debug|ARM.ActiveCfg = Debug|Any CPU
		{BFF67FAA-FE6D-4FEA-97C0-D16D5B933769}.Debug|ARM.Build.0 = Debug|Any CPU
		{BFF67FAA-FE6D-4FEA-97C0-D16D5B933769}.Debug|x64.ActiveCfg = Debug|Any CPU
		{BFF67FAA-FE6D-4FEA-97C0-D16D5B933769}.Debug|x64.Build.0 = Debug|Any CPU
		{BFF67FAA-FE6D-4FEA-97C0-D16D5B933769}.Debug|x86.ActiveCfg = Debug|Any CPU
		{BFF67FAA-FE6D-4FEA-97C0-D16D5B933769}.Debug|x86.Build.0 = Debug|Any CPU
		{BFF67FAA-FE6D-4FEA-97C0-D16D5B933769}.Release|Any CPU.ActiveCfg = Release|Any CPU
		{BFF67FAA-FE6D-4FEA-97C0-D16D5B933769}.Release|Any CPU.Build.0 = Release|Any CPU
		{BFF67FAA-FE6D-4FEA-97C0-D16D5B933769}.Release|ARM.ActiveCfg = Release|Any CPU
		{BFF67FAA-FE6D-4FEA-97C0-D16D5B933769}.Release|ARM.Build.0 = Release|Any CPU
		{BFF67FAA-FE6D-4FEA-97C0-D16D5B933769}.Release|x64.ActiveCfg = Release|Any CPU
		{BFF67FAA-FE6D-4FEA-97C0-D16D5B933769}.Release|x64.Build.0 = Release|Any CPU
		{BFF67FAA-FE6D-4FEA-97C0-D16D5B933769}.Release|x86.ActiveCfg = Release|Any CPU
		{BFF67FAA-FE6D-4FEA-97C0-D16D5B933769}.Release|x86.Build.0 = Release|Any CPU
		{EF9AF38F-6174-4911-B3F7-4962199A3CCA}.Debug|Any CPU.ActiveCfg = Debug|Any CPU
		{EF9AF38F-6174-4911-B3F7-4962199A3CCA}.Debug|Any CPU.Build.0 = Debug|Any CPU
		{EF9AF38F-6174-4911-B3F7-4962199A3CCA}.Debug|Any CPU.Deploy.0 = Debug|Any CPU
		{EF9AF38F-6174-4911-B3F7-4962199A3CCA}.Debug|ARM.ActiveCfg = Debug|Any CPU
		{EF9AF38F-6174-4911-B3F7-4962199A3CCA}.Debug|ARM.Build.0 = Debug|Any CPU
		{EF9AF38F-6174-4911-B3F7-4962199A3CCA}.Debug|ARM.Deploy.0 = Debug|Any CPU
		{EF9AF38F-6174-4911-B3F7-4962199A3CCA}.Debug|x64.ActiveCfg = Debug|Any CPU
		{EF9AF38F-6174-4911-B3F7-4962199A3CCA}.Debug|x64.Build.0 = Debug|Any CPU
		{EF9AF38F-6174-4911-B3F7-4962199A3CCA}.Debug|x64.Deploy.0 = Debug|Any CPU
		{EF9AF38F-6174-4911-B3F7-4962199A3CCA}.Debug|x86.ActiveCfg = Debug|Any CPU
		{EF9AF38F-6174-4911-B3F7-4962199A3CCA}.Debug|x86.Build.0 = Debug|Any CPU
		{EF9AF38F-6174-4911-B3F7-4962199A3CCA}.Debug|x86.Deploy.0 = Debug|Any CPU
		{EF9AF38F-6174-4911-B3F7-4962199A3CCA}.Release|Any CPU.ActiveCfg = Release|Any CPU
		{EF9AF38F-6174-4911-B3F7-4962199A3CCA}.Release|Any CPU.Build.0 = Release|Any CPU
		{EF9AF38F-6174-4911-B3F7-4962199A3CCA}.Release|Any CPU.Deploy.0 = Release|Any CPU
		{EF9AF38F-6174-4911-B3F7-4962199A3CCA}.Release|ARM.ActiveCfg = Release|Any CPU
		{EF9AF38F-6174-4911-B3F7-4962199A3CCA}.Release|ARM.Build.0 = Release|Any CPU
		{EF9AF38F-6174-4911-B3F7-4962199A3CCA}.Release|ARM.Deploy.0 = Release|Any CPU
		{EF9AF38F-6174-4911-B3F7-4962199A3CCA}.Release|x64.ActiveCfg = Release|Any CPU
		{EF9AF38F-6174-4911-B3F7-4962199A3CCA}.Release|x64.Build.0 = Release|Any CPU
		{EF9AF38F-6174-4911-B3F7-4962199A3CCA}.Release|x64.Deploy.0 = Release|Any CPU
		{EF9AF38F-6174-4911-B3F7-4962199A3CCA}.Release|x86.ActiveCfg = Release|Any CPU
		{EF9AF38F-6174-4911-B3F7-4962199A3CCA}.Release|x86.Build.0 = Release|Any CPU
		{EF9AF38F-6174-4911-B3F7-4962199A3CCA}.Release|x86.Deploy.0 = Release|Any CPU
		{D1E51191-9FB2-43EF-84C4-5EF3981F34A1}.Debug|Any CPU.ActiveCfg = Debug|Any CPU
		{D1E51191-9FB2-43EF-84C4-5EF3981F34A1}.Debug|Any CPU.Build.0 = Debug|Any CPU
		{D1E51191-9FB2-43EF-84C4-5EF3981F34A1}.Debug|Any CPU.Deploy.0 = Debug|Any CPU
		{D1E51191-9FB2-43EF-84C4-5EF3981F34A1}.Debug|ARM.ActiveCfg = Debug|ARM
		{D1E51191-9FB2-43EF-84C4-5EF3981F34A1}.Debug|ARM.Build.0 = Debug|ARM
		{D1E51191-9FB2-43EF-84C4-5EF3981F34A1}.Debug|ARM.Deploy.0 = Debug|ARM
		{D1E51191-9FB2-43EF-84C4-5EF3981F34A1}.Debug|x64.ActiveCfg = Debug|Any CPU
		{D1E51191-9FB2-43EF-84C4-5EF3981F34A1}.Debug|x64.Build.0 = Debug|Any CPU
		{D1E51191-9FB2-43EF-84C4-5EF3981F34A1}.Debug|x64.Deploy.0 = Debug|Any CPU
		{D1E51191-9FB2-43EF-84C4-5EF3981F34A1}.Debug|x86.ActiveCfg = Debug|x86
		{D1E51191-9FB2-43EF-84C4-5EF3981F34A1}.Debug|x86.Build.0 = Debug|x86
		{D1E51191-9FB2-43EF-84C4-5EF3981F34A1}.Debug|x86.Deploy.0 = Debug|x86
		{D1E51191-9FB2-43EF-84C4-5EF3981F34A1}.Release|Any CPU.ActiveCfg = Release|Any CPU
		{D1E51191-9FB2-43EF-84C4-5EF3981F34A1}.Release|Any CPU.Build.0 = Release|Any CPU
		{D1E51191-9FB2-43EF-84C4-5EF3981F34A1}.Release|Any CPU.Deploy.0 = Release|Any CPU
		{D1E51191-9FB2-43EF-84C4-5EF3981F34A1}.Release|ARM.ActiveCfg = Release|ARM
		{D1E51191-9FB2-43EF-84C4-5EF3981F34A1}.Release|ARM.Build.0 = Release|ARM
		{D1E51191-9FB2-43EF-84C4-5EF3981F34A1}.Release|ARM.Deploy.0 = Release|ARM
		{D1E51191-9FB2-43EF-84C4-5EF3981F34A1}.Release|x64.ActiveCfg = Release|Any CPU
		{D1E51191-9FB2-43EF-84C4-5EF3981F34A1}.Release|x64.Build.0 = Release|Any CPU
		{D1E51191-9FB2-43EF-84C4-5EF3981F34A1}.Release|x64.Deploy.0 = Release|Any CPU
		{D1E51191-9FB2-43EF-84C4-5EF3981F34A1}.Release|x86.ActiveCfg = Release|x86
		{D1E51191-9FB2-43EF-84C4-5EF3981F34A1}.Release|x86.Build.0 = Release|x86
		{D1E51191-9FB2-43EF-84C4-5EF3981F34A1}.Release|x86.Deploy.0 = Release|x86
		{1DB9AC21-6768-40D2-9F97-2900830983C4}.Debug|Any CPU.ActiveCfg = Debug|x86
		{1DB9AC21-6768-40D2-9F97-2900830983C4}.Debug|ARM.ActiveCfg = Debug|ARM
		{1DB9AC21-6768-40D2-9F97-2900830983C4}.Debug|ARM.Build.0 = Debug|ARM
		{1DB9AC21-6768-40D2-9F97-2900830983C4}.Debug|ARM.Deploy.0 = Debug|ARM
		{1DB9AC21-6768-40D2-9F97-2900830983C4}.Debug|x64.ActiveCfg = Debug|x64
		{1DB9AC21-6768-40D2-9F97-2900830983C4}.Debug|x64.Build.0 = Debug|x64
		{1DB9AC21-6768-40D2-9F97-2900830983C4}.Debug|x64.Deploy.0 = Debug|x64
		{1DB9AC21-6768-40D2-9F97-2900830983C4}.Debug|x86.ActiveCfg = Debug|x86
		{1DB9AC21-6768-40D2-9F97-2900830983C4}.Debug|x86.Build.0 = Debug|x86
		{1DB9AC21-6768-40D2-9F97-2900830983C4}.Debug|x86.Deploy.0 = Debug|x86
		{1DB9AC21-6768-40D2-9F97-2900830983C4}.Release|Any CPU.ActiveCfg = Release|x86
		{1DB9AC21-6768-40D2-9F97-2900830983C4}.Release|ARM.ActiveCfg = Release|ARM
		{1DB9AC21-6768-40D2-9F97-2900830983C4}.Release|ARM.Build.0 = Release|ARM
		{1DB9AC21-6768-40D2-9F97-2900830983C4}.Release|ARM.Deploy.0 = Release|ARM
		{1DB9AC21-6768-40D2-9F97-2900830983C4}.Release|x64.ActiveCfg = Release|x64
		{1DB9AC21-6768-40D2-9F97-2900830983C4}.Release|x64.Build.0 = Release|x64
		{1DB9AC21-6768-40D2-9F97-2900830983C4}.Release|x64.Deploy.0 = Release|x64
		{1DB9AC21-6768-40D2-9F97-2900830983C4}.Release|x86.ActiveCfg = Release|x86
		{1DB9AC21-6768-40D2-9F97-2900830983C4}.Release|x86.Build.0 = Release|x86
		{1DB9AC21-6768-40D2-9F97-2900830983C4}.Release|x86.Deploy.0 = Release|x86
		{D84BBB6C-D55A-4AB3-AD4C-E44CF68E682D}.Debug|Any CPU.ActiveCfg = Debug|Any CPU
		{D84BBB6C-D55A-4AB3-AD4C-E44CF68E682D}.Debug|Any CPU.Build.0 = Debug|Any CPU
		{D84BBB6C-D55A-4AB3-AD4C-E44CF68E682D}.Debug|Any CPU.Deploy.0 = Debug|Any CPU
		{D84BBB6C-D55A-4AB3-AD4C-E44CF68E682D}.Debug|ARM.ActiveCfg = Debug|ARM
		{D84BBB6C-D55A-4AB3-AD4C-E44CF68E682D}.Debug|ARM.Build.0 = Debug|ARM
		{D84BBB6C-D55A-4AB3-AD4C-E44CF68E682D}.Debug|ARM.Deploy.0 = Debug|ARM
		{D84BBB6C-D55A-4AB3-AD4C-E44CF68E682D}.Debug|x64.ActiveCfg = Debug|x64
		{D84BBB6C-D55A-4AB3-AD4C-E44CF68E682D}.Debug|x64.Build.0 = Debug|x64
		{D84BBB6C-D55A-4AB3-AD4C-E44CF68E682D}.Debug|x64.Deploy.0 = Debug|x64
		{D84BBB6C-D55A-4AB3-AD4C-E44CF68E682D}.Debug|x86.ActiveCfg = Debug|x86
		{D84BBB6C-D55A-4AB3-AD4C-E44CF68E682D}.Debug|x86.Build.0 = Debug|x86
		{D84BBB6C-D55A-4AB3-AD4C-E44CF68E682D}.Debug|x86.Deploy.0 = Debug|x86
		{D84BBB6C-D55A-4AB3-AD4C-E44CF68E682D}.Release|Any CPU.ActiveCfg = Release|Any CPU
		{D84BBB6C-D55A-4AB3-AD4C-E44CF68E682D}.Release|Any CPU.Build.0 = Release|Any CPU
		{D84BBB6C-D55A-4AB3-AD4C-E44CF68E682D}.Release|Any CPU.Deploy.0 = Release|Any CPU
		{D84BBB6C-D55A-4AB3-AD4C-E44CF68E682D}.Release|ARM.ActiveCfg = Release|ARM
		{D84BBB6C-D55A-4AB3-AD4C-E44CF68E682D}.Release|ARM.Build.0 = Release|ARM
		{D84BBB6C-D55A-4AB3-AD4C-E44CF68E682D}.Release|ARM.Deploy.0 = Release|ARM
		{D84BBB6C-D55A-4AB3-AD4C-E44CF68E682D}.Release|x64.ActiveCfg = Release|x64
		{D84BBB6C-D55A-4AB3-AD4C-E44CF68E682D}.Release|x64.Build.0 = Release|x64
		{D84BBB6C-D55A-4AB3-AD4C-E44CF68E682D}.Release|x64.Deploy.0 = Release|x64
		{D84BBB6C-D55A-4AB3-AD4C-E44CF68E682D}.Release|x86.ActiveCfg = Release|x86
		{D84BBB6C-D55A-4AB3-AD4C-E44CF68E682D}.Release|x86.Build.0 = Release|x86
		{D84BBB6C-D55A-4AB3-AD4C-E44CF68E682D}.Release|x86.Deploy.0 = Release|x86
	EndGlobalSection
	GlobalSection(SolutionProperties) = preSolution
		HideSolutionNode = FALSE
	EndGlobalSection
EndGlobal
